// !$*UTF8*$!
{
	archiveVersion = 1;
	classes = {
	};
	objectVersion = 56;
	objects = {

/* Begin PBXBuildFile section */
		D00DA1DA29C3B25E008BEE60 /* TriviaChallengeApp.swift in Sources */ = {isa = PBXBuildFile; fileRef = D00DA1D929C3B25E008BEE60 /* TriviaChallengeApp.swift */; };
		D00DA1DC29C3B25E008BEE60 /* ContentView.swift in Sources */ = {isa = PBXBuildFile; fileRef = D00DA1DB29C3B25E008BEE60 /* ContentView.swift */; };
		D00DA1DE29C3B260008BEE60 /* Assets.xcassets in Resources */ = {isa = PBXBuildFile; fileRef = D00DA1DD29C3B260008BEE60 /* Assets.xcassets */; };
		D00DA1E129C3B260008BEE60 /* Preview Assets.xcassets in Resources */ = {isa = PBXBuildFile; fileRef = D00DA1E029C3B260008BEE60 /* Preview Assets.xcassets */; };
		D00DA1EC29C3B52E008BEE60 /* PrimaryButton.swift in Sources */ = {isa = PBXBuildFile; fileRef = D00DA1EB29C3B52E008BEE60 /* PrimaryButton.swift */; };
		D00DA1EF29C3B8FE008BEE60 /* Extensions.swift in Sources */ = {isa = PBXBuildFile; fileRef = D00DA1EE29C3B8FE008BEE60 /* Extensions.swift */; };
		D00DA1F129C3B9D4008BEE60 /* QuestionView.swift in Sources */ = {isa = PBXBuildFile; fileRef = D00DA1F029C3B9D4008BEE60 /* QuestionView.swift */; };
		D00DA1F329C3BB68008BEE60 /* ProgressBar.swift in Sources */ = {isa = PBXBuildFile; fileRef = D00DA1F229C3BB68008BEE60 /* ProgressBar.swift */; };
		D00DA1F629C3C2B9008BEE60 /* Answer.swift in Sources */ = {isa = PBXBuildFile; fileRef = D00DA1F529C3C2B9008BEE60 /* Answer.swift */; };
		D00DA1F829C3C380008BEE60 /* AnswerRow.swift in Sources */ = {isa = PBXBuildFile; fileRef = D00DA1F729C3C380008BEE60 /* AnswerRow.swift */; };
		D00DA1FA29C3CBF0008BEE60 /* TriviaView.swift in Sources */ = {isa = PBXBuildFile; fileRef = D00DA1F929C3CBF0008BEE60 /* TriviaView.swift */; };
		D0C8126B29C742E2009E1FDB /* Trivia.swift in Sources */ = {isa = PBXBuildFile; fileRef = D0C8126A29C742E2009E1FDB /* Trivia.swift */; };
		D0C8126D29C746EA009E1FDB /* TriviaManager.swift in Sources */ = {isa = PBXBuildFile; fileRef = D0C8126C29C746EA009E1FDB /* TriviaManager.swift */; };
/* End PBXBuildFile section */

/* Begin PBXFileReference section */
		D00DA1D629C3B25E008BEE60 /* TriviaChallenge.app */ = {isa = PBXFileReference; explicitFileType = wrapper.application; includeInIndex = 0; path = TriviaChallenge.app; sourceTree = BUILT_PRODUCTS_DIR; };
		D00DA1D929C3B25E008BEE60 /* TriviaChallengeApp.swift */ = {isa = PBXFileReference; lastKnownFileType = sourcecode.swift; path = TriviaChallengeApp.swift; sourceTree = "<group>"; };
		D00DA1DB29C3B25E008BEE60 /* ContentView.swift */ = {isa = PBXFileReference; lastKnownFileType = sourcecode.swift; path = ContentView.swift; sourceTree = "<group>"; };
		D00DA1DD29C3B260008BEE60 /* Assets.xcassets */ = {isa = PBXFileReference; lastKnownFileType = folder.assetcatalog; path = Assets.xcassets; sourceTree = "<group>"; };
		D00DA1E029C3B260008BEE60 /* Preview Assets.xcassets */ = {isa = PBXFileReference; lastKnownFileType = folder.assetcatalog; path = "Preview Assets.xcassets"; sourceTree = "<group>"; };
		D00DA1EB29C3B52E008BEE60 /* PrimaryButton.swift */ = {isa = PBXFileReference; lastKnownFileType = sourcecode.swift; path = PrimaryButton.swift; sourceTree = "<group>"; };
		D00DA1EE29C3B8FE008BEE60 /* Extensions.swift */ = {isa = PBXFileReference; lastKnownFileType = sourcecode.swift; path = Extensions.swift; sourceTree = "<group>"; };
		D00DA1F029C3B9D4008BEE60 /* QuestionView.swift */ = {isa = PBXFileReference; lastKnownFileType = sourcecode.swift; path = QuestionView.swift; sourceTree = "<group>"; };
		D00DA1F229C3BB68008BEE60 /* ProgressBar.swift */ = {isa = PBXFileReference; lastKnownFileType = sourcecode.swift; path = ProgressBar.swift; sourceTree = "<group>"; };
		D00DA1F529C3C2B9008BEE60 /* Answer.swift */ = {isa = PBXFileReference; lastKnownFileType = sourcecode.swift; path = Answer.swift; sourceTree = "<group>"; };
		D00DA1F729C3C380008BEE60 /* AnswerRow.swift */ = {isa = PBXFileReference; lastKnownFileType = sourcecode.swift; path = AnswerRow.swift; sourceTree = "<group>"; };
		D00DA1F929C3CBF0008BEE60 /* TriviaView.swift */ = {isa = PBXFileReference; lastKnownFileType = sourcecode.swift; path = TriviaView.swift; sourceTree = "<group>"; };
		D0C8126A29C742E2009E1FDB /* Trivia.swift */ = {isa = PBXFileReference; lastKnownFileType = sourcecode.swift; path = Trivia.swift; sourceTree = "<group>"; };
		D0C8126C29C746EA009E1FDB /* TriviaManager.swift */ = {isa = PBXFileReference; lastKnownFileType = sourcecode.swift; path = TriviaManager.swift; sourceTree = "<group>"; };
/* End PBXFileReference section */

/* Begin PBXFrameworksBuildPhase section */
		D00DA1D329C3B25E008BEE60 /* Frameworks */ = {
			isa = PBXFrameworksBuildPhase;
			buildActionMask = 2147483647;
			files = (
			);
			runOnlyForDeploymentPostprocessing = 0;
		};
/* End PBXFrameworksBuildPhase section */

/* Begin PBXGroup section */
		D00DA1CD29C3B25E008BEE60 = {
			isa = PBXGroup;
			children = (
				D00DA1D829C3B25E008BEE60 /* TriviaChallenge */,
				D00DA1D729C3B25E008BEE60 /* Products */,
			);
			sourceTree = "<group>";
		};
		D00DA1D729C3B25E008BEE60 /* Products */ = {
			isa = PBXGroup;
			children = (
				D00DA1D629C3B25E008BEE60 /* TriviaChallenge.app */,
			);
			name = Products;
			sourceTree = "<group>";
		};
		D00DA1D829C3B25E008BEE60 /* TriviaChallenge */ = {
			isa = PBXGroup;
			children = (
				D00DA1F429C3C29E008BEE60 /* Models */,
				D00DA1ED29C3B609008BEE60 /* Views */,
				D00DA1EA29C3B514008BEE60 /* Components */,
				D00DA1D929C3B25E008BEE60 /* TriviaChallengeApp.swift */,
				D00DA1EE29C3B8FE008BEE60 /* Extensions.swift */,
				D00DA1DD29C3B260008BEE60 /* Assets.xcassets */,
				D00DA1DF29C3B260008BEE60 /* Preview Content */,
				D0C8126C29C746EA009E1FDB /* TriviaManager.swift */,
			);
			path = TriviaChallenge;
			sourceTree = "<group>";
		};
		D00DA1DF29C3B260008BEE60 /* Preview Content */ = {
			isa = PBXGroup;
			children = (
				D00DA1E029C3B260008BEE60 /* Preview Assets.xcassets */,
			);
			path = "Preview Content";
			sourceTree = "<group>";
		};
		D00DA1EA29C3B514008BEE60 /* Components */ = {
			isa = PBXGroup;
			children = (
				D00DA1EB29C3B52E008BEE60 /* PrimaryButton.swift */,
				D00DA1F229C3BB68008BEE60 /* ProgressBar.swift */,
				D00DA1F729C3C380008BEE60 /* AnswerRow.swift */,
			);
			path = Components;
			sourceTree = "<group>";
		};
		D00DA1ED29C3B609008BEE60 /* Views */ = {
			isa = PBXGroup;
			children = (
				D00DA1DB29C3B25E008BEE60 /* ContentView.swift */,
				D00DA1F029C3B9D4008BEE60 /* QuestionView.swift */,
				D00DA1F929C3CBF0008BEE60 /* TriviaView.swift */,
			);
			path = Views;
			sourceTree = "<group>";
		};
		D00DA1F429C3C29E008BEE60 /* Models */ = {
			isa = PBXGroup;
			children = (
				D00DA1F529C3C2B9008BEE60 /* Answer.swift */,
				D0C8126A29C742E2009E1FDB /* Trivia.swift */,
			);
			path = Models;
			sourceTree = "<group>";
		};
/* End PBXGroup section */

/* Begin PBXNativeTarget section */
		D00DA1D529C3B25E008BEE60 /* TriviaChallenge */ = {
			isa = PBXNativeTarget;
			buildConfigurationList = D00DA1E429C3B260008BEE60 /* Build configuration list for PBXNativeTarget "TriviaChallenge" */;
			buildPhases = (
				D00DA1D229C3B25E008BEE60 /* Sources */,
				D00DA1D329C3B25E008BEE60 /* Frameworks */,
				D00DA1D429C3B25E008BEE60 /* Resources */,
			);
			buildRules = (
			);
			dependencies = (
			);
			name = TriviaChallenge;
			productName = TriviaChallenge;
			productReference = D00DA1D629C3B25E008BEE60 /* TriviaChallenge.app */;
			productType = "com.apple.product-type.application";
		};
/* End PBXNativeTarget section */

/* Begin PBXProject section */
		D00DA1CE29C3B25E008BEE60 /* Project object */ = {
			isa = PBXProject;
			attributes = {
				BuildIndependentTargetsInParallel = 1;
				LastSwiftUpdateCheck = 1420;
				LastUpgradeCheck = 1420;
				TargetAttributes = {
					D00DA1D529C3B25E008BEE60 = {
						CreatedOnToolsVersion = 14.2;
					};
				};
			};
			buildConfigurationList = D00DA1D129C3B25E008BEE60 /* Build configuration list for PBXProject "TriviaChallenge" */;
			compatibilityVersion = "Xcode 14.0";
			developmentRegion = en;
			hasScannedForEncodings = 0;
			knownRegions = (
				en,
				Base,
			);
			mainGroup = D00DA1CD29C3B25E008BEE60;
			productRefGroup = D00DA1D729C3B25E008BEE60 /* Products */;
			projectDirPath = "";
			projectRoot = "";
			targets = (
				D00DA1D529C3B25E008BEE60 /* TriviaChallenge */,
			);
		};
/* End PBXProject section */

/* Begin PBXResourcesBuildPhase section */
		D00DA1D429C3B25E008BEE60 /* Resources */ = {
			isa = PBXResourcesBuildPhase;
			buildActionMask = 2147483647;
			files = (
				D00DA1E129C3B260008BEE60 /* Preview Assets.xcassets in Resources */,
				D00DA1DE29C3B260008BEE60 /* Assets.xcassets in Resources */,
			);
			runOnlyForDeploymentPostprocessing = 0;
		};
/* End PBXResourcesBuildPhase section */

/* Begin PBXSourcesBuildPhase section */
		D00DA1D229C3B25E008BEE60 /* Sources */ = {
			isa = PBXSourcesBuildPhase;
			buildActionMask = 2147483647;
			files = (
				D00DA1F129C3B9D4008BEE60 /* QuestionView.swift in Sources */,
				D00DA1FA29C3CBF0008BEE60 /* TriviaView.swift in Sources */,
				D0C8126B29C742E2009E1FDB /* Trivia.swift in Sources */,
				D00DA1EC29C3B52E008BEE60 /* PrimaryButton.swift in Sources */,
				D0C8126D29C746EA009E1FDB /* TriviaManager.swift in Sources */,
				D00DA1F829C3C380008BEE60 /* AnswerRow.swift in Sources */,
				D00DA1DC29C3B25E008BEE60 /* ContentView.swift in Sources */,
				D00DA1F629C3C2B9008BEE60 /* Answer.swift in Sources */,
				D00DA1DA29C3B25E008BEE60 /* TriviaChallengeApp.swift in Sources */,
				D00DA1F329C3BB68008BEE60 /* ProgressBar.swift in Sources */,
				D00DA1EF29C3B8FE008BEE60 /* Extensions.swift in Sources */,
			);
			runOnlyForDeploymentPostprocessing = 0;
		};
/* End PBXSourcesBuildPhase section */

/* Begin XCBuildConfiguration section */
		D00DA1E229C3B260008BEE60 /* Debug */ = {
			isa = XCBuildConfiguration;
			buildSettings = {
				ALWAYS_SEARCH_USER_PATHS = NO;
				CLANG_ANALYZER_NONNULL = YES;
				CLANG_ANALYZER_NUMBER_OBJECT_CONVERSION = YES_AGGRESSIVE;
				CLANG_CXX_LANGUAGE_STANDARD = "gnu++20";
				CLANG_ENABLE_MODULES = YES;
				CLANG_ENABLE_OBJC_ARC = YES;
				CLANG_ENABLE_OBJC_WEAK = YES;
				CLANG_WARN_BLOCK_CAPTURE_AUTORELEASING = YES;
				CLANG_WARN_BOOL_CONVERSION = YES;
				CLANG_WARN_COMMA = YES;
				CLANG_WARN_CONSTANT_CONVERSION = YES;
				CLANG_WARN_DEPRECATED_OBJC_IMPLEMENTATIONS = YES;
				CLANG_WARN_DIRECT_OBJC_ISA_USAGE = YES_ERROR;
				CLANG_WARN_DOCUMENTATION_COMMENTS = YES;
				CLANG_WARN_EMPTY_BODY = YES;
				CLANG_WARN_ENUM_CONVERSION = YES;
				CLANG_WARN_INFINITE_RECURSION = YES;
				CLANG_WARN_INT_CONVERSION = YES;
				CLANG_WARN_NON_LITERAL_NULL_CONVERSION = YES;
				CLANG_WARN_OBJC_IMPLICIT_RETAIN_SELF = YES;
				CLANG_WARN_OBJC_LITERAL_CONVERSION = YES;
				CLANG_WARN_OBJC_ROOT_CLASS = YES_ERROR;
				CLANG_WARN_QUOTED_INCLUDE_IN_FRAMEWORK_HEADER = YES;
				CLANG_WARN_RANGE_LOOP_ANALYSIS = YES;
				CLANG_WARN_STRICT_PROTOTYPES = YES;
				CLANG_WARN_SUSPICIOUS_MOVE = YES;
				CLANG_WARN_UNGUARDED_AVAILABILITY = YES_AGGRESSIVE;
				CLANG_WARN_UNREACHABLE_CODE = YES;
				CLANG_WARN__DUPLICATE_METHOD_MATCH = YES;
				COPY_PHASE_STRIP = NO;
				DEBUG_INFORMATION_FORMAT = dwarf;
				ENABLE_STRICT_OBJC_MSGSEND = YES;
				ENABLE_TESTABILITY = YES;
				GCC_C_LANGUAGE_STANDARD = gnu11;
				GCC_DYNAMIC_NO_PIC = NO;
				GCC_NO_COMMON_BLOCKS = YES;
				GCC_OPTIMIZATION_LEVEL = 0;
				GCC_PREPROCESSOR_DEFINITIONS = (
					"DEBUG=1",
					"$(inherited)",
				);
				GCC_WARN_64_TO_32_BIT_CONVERSION = YES;
				GCC_WARN_ABOUT_RETURN_TYPE = YES_ERROR;
				GCC_WARN_UNDECLARED_SELECTOR = YES;
				GCC_WARN_UNINITIALIZED_AUTOS = YES_AGGRESSIVE;
				GCC_WARN_UNUSED_FUNCTION = YES;
				GCC_WARN_UNUSED_VARIABLE = YES;
				IPHONEOS_DEPLOYMENT_TARGET = 16.2;
				MTL_ENABLE_DEBUG_INFO = INCLUDE_SOURCE;
				MTL_FAST_MATH = YES;
				ONLY_ACTIVE_ARCH = YES;
				SDKROOT = iphoneos;
				SWIFT_ACTIVE_COMPILATION_CONDITIONS = DEBUG;
				SWIFT_OPTIMIZATION_LEVEL = "-Onone";
			};
			name = Debug;
		};
		D00DA1E329C3B260008BEE60 /* Release */ = {
			isa = XCBuildConfiguration;
			buildSettings = {
				ALWAYS_SEARCH_USER_PATHS = NO;
				CLANG_ANALYZER_NONNULL = YES;
				CLANG_ANALYZER_NUMBER_OBJECT_CONVERSION = YES_AGGRESSIVE;
				CLANG_CXX_LANGUAGE_STANDARD = "gnu++20";
				CLANG_ENABLE_MODULES = YES;
				CLANG_ENABLE_OBJC_ARC = YES;
				CLANG_ENABLE_OBJC_WEAK = YES;
				CLANG_WARN_BLOCK_CAPTURE_AUTORELEASING = YES;
				CLANG_WARN_BOOL_CONVERSION = YES;
				CLANG_WARN_COMMA = YES;
				CLANG_WARN_CONSTANT_CONVERSION = YES;
				CLANG_WARN_DEPRECATED_OBJC_IMPLEMENTATIONS = YES;
				CLANG_WARN_DIRECT_OBJC_ISA_USAGE = YES_ERROR;
				CLANG_WARN_DOCUMENTATION_COMMENTS = YES;
				CLANG_WARN_EMPTY_BODY = YES;
				CLANG_WARN_ENUM_CONVERSION = YES;
				CLANG_WARN_INFINITE_RECURSION = YES;
				CLANG_WARN_INT_CONVERSION = YES;
				CLANG_WARN_NON_LITERAL_NULL_CONVERSION = YES;
				CLANG_WARN_OBJC_IMPLICIT_RETAIN_SELF = YES;
				CLANG_WARN_OBJC_LITERAL_CONVERSION = YES;
				CLANG_WARN_OBJC_ROOT_CLASS = YES_ERROR;
				CLANG_WARN_QUOTED_INCLUDE_IN_FRAMEWORK_HEADER = YES;
				CLANG_WARN_RANGE_LOOP_ANALYSIS = YES;
				CLANG_WARN_STRICT_PROTOTYPES = YES;
				CLANG_WARN_SUSPICIOUS_MOVE = YES;
				CLANG_WARN_UNGUARDED_AVAILABILITY = YES_AGGRESSIVE;
				CLANG_WARN_UNREACHABLE_CODE = YES;
				CLANG_WARN__DUPLICATE_METHOD_MATCH = YES;
				COPY_PHASE_STRIP = NO;
				DEBUG_INFORMATION_FORMAT = "dwarf-with-dsym";
				ENABLE_NS_ASSERTIONS = NO;
				ENABLE_STRICT_OBJC_MSGSEND = YES;
				GCC_C_LANGUAGE_STANDARD = gnu11;
				GCC_NO_COMMON_BLOCKS = YES;
				GCC_WARN_64_TO_32_BIT_CONVERSION = YES;
				GCC_WARN_ABOUT_RETURN_TYPE = YES_ERROR;
				GCC_WARN_UNDECLARED_SELECTOR = YES;
				GCC_WARN_UNINITIALIZED_AUTOS = YES_AGGRESSIVE;
				GCC_WARN_UNUSED_FUNCTION = YES;
				GCC_WARN_UNUSED_VARIABLE = YES;
				IPHONEOS_DEPLOYMENT_TARGET = 16.2;
				MTL_ENABLE_DEBUG_INFO = NO;
				MTL_FAST_MATH = YES;
				SDKROOT = iphoneos;
				SWIFT_COMPILATION_MODE = wholemodule;
				SWIFT_OPTIMIZATION_LEVEL = "-O";
				VALIDATE_PRODUCT = YES;
			};
			name = Release;
		};
		D00DA1E529C3B260008BEE60 /* Debug */ = {
			isa = XCBuildConfiguration;
			buildSettings = {
				ASSETCATALOG_COMPILER_APPICON_NAME = AppIcon;
				ASSETCATALOG_COMPILER_GLOBAL_ACCENT_COLOR_NAME = AccentColor;
				CODE_SIGN_STYLE = Automatic;
				CURRENT_PROJECT_VERSION = 1;
				DEVELOPMENT_ASSET_PATHS = "\"TriviaChallenge/Preview Content\"";
				DEVELOPMENT_TEAM = 6JPA665LV9;
				ENABLE_PREVIEWS = YES;
				GENERATE_INFOPLIST_FILE = YES;
				INFOPLIST_KEY_UIApplicationSceneManifest_Generation = YES;
				INFOPLIST_KEY_UIApplicationSupportsIndirectInputEvents = YES;
				INFOPLIST_KEY_UILaunchScreen_Generation = YES;
				INFOPLIST_KEY_UISupportedInterfaceOrientations_iPad = "UIInterfaceOrientationPortrait UIInterfaceOrientationPortraitUpsideDown UIInterfaceOrientationLandscapeLeft UIInterfaceOrientationLandscapeRight";
				INFOPLIST_KEY_UISupportedInterfaceOrientations_iPhone = "UIInterfaceOrientationPortrait UIInterfaceOrientationLandscapeLeft UIInterfaceOrientationLandscapeRight";
				LD_RUNPATH_SEARCH_PATHS = (
					"$(inherited)",
					"@executable_path/Frameworks",
				);
				MARKETING_VERSION = 1.0;
				PRODUCT_BUNDLE_IDENTIFIER = me.kuk.alicja.TriviaChallenge;
				PRODUCT_NAME = "$(TARGET_NAME)";
				SWIFT_EMIT_LOC_STRINGS = YES;
				SWIFT_VERSION = 5.0;
				TARGETED_DEVICE_FAMILY = "1,2";
			};
			name = Debug;
		};
		D00DA1E629C3B260008BEE60 /* Release */ = {
			isa = XCBuildConfiguration;
			buildSettings = {
				ASSETCATALOG_COMPILER_APPICON_NAME = AppIcon;
				ASSETCATALOG_COMPILER_GLOBAL_ACCENT_COLOR_NAME = AccentColor;
				CODE_SIGN_STYLE = Automatic;
				CURRENT_PROJECT_VERSION = 1;
				DEVELOPMENT_ASSET_PATHS = "\"TriviaChallenge/Preview Content\"";
				DEVELOPMENT_TEAM = 6JPA665LV9;
				ENABLE_PREVIEWS = YES;
				GENERATE_INFOPLIST_FILE = YES;
				INFOPLIST_KEY_UIApplicationSceneManifest_Generation = YES;
				INFOPLIST_KEY_UIApplicationSupportsIndirectInputEvents = YES;
				INFOPLIST_KEY_UILaunchScreen_Generation = YES;
				INFOPLIST_KEY_UISupportedInterfaceOrientations_iPad = "UIInterfaceOrientationPortrait UIInterfaceOrientationPortraitUpsideDown UIInterfaceOrientationLandscapeLeft UIInterfaceOrientationLandscapeRight";
				INFOPLIST_KEY_UISupportedInterfaceOrientations_iPhone = "UIInterfaceOrientationPortrait UIInterfaceOrientationLandscapeLeft UIInterfaceOrientationLandscapeRight";
				LD_RUNPATH_SEARCH_PATHS = (
					"$(inherited)",
					"@executable_path/Frameworks",
				);
				MARKETING_VERSION = 1.0;
				PRODUCT_BUNDLE_IDENTIFIER = me.kuk.alicja.TriviaChallenge;
				PRODUCT_NAME = "$(TARGET_NAME)";
				SWIFT_EMIT_LOC_STRINGS = YES;
				SWIFT_VERSION = 5.0;
				TARGETED_DEVICE_FAMILY = "1,2";
			};
			name = Release;
		};
/* End XCBuildConfiguration section */

/* Begin XCConfigurationList section */
		D00DA1D129C3B25E008BEE60 /* Build configuration list for PBXProject "TriviaChallenge" */ = {
			isa = XCConfigurationList;
			buildConfigurations = (
				D00DA1E229C3B260008BEE60 /* Debug */,
				D00DA1E329C3B260008BEE60 /* Release */,
			);
			defaultConfigurationIsVisible = 0;
			defaultConfigurationName = Release;
		};
		D00DA1E429C3B260008BEE60 /* Build configuration list for PBXNativeTarget "TriviaChallenge" */ = {
			isa = XCConfigurationList;
			buildConfigurations = (
				D00DA1E529C3B260008BEE60 /* Debug */,
				D00DA1E629C3B260008BEE60 /* Release */,
			);
			defaultConfigurationIsVisible = 0;
			defaultConfigurationName = Release;
		};
/* End XCConfigurationList section */
	};
	rootObject = D00DA1CE29C3B25E008BEE60 /* Project object */;
}
